
Microsoft Visual Studio Solution File, Format Version 12.00
# Visual Studio Version 17
VisualStudioVersion = 17.7.34202.233
MinimumVisualStudioVersion = 10.0.40219.1
Project("{FAE04EC0-301F-11D3-BF4B-00C04F79EFBC}") = "Web", "Web\Web.csproj", "{DF52D356-18F3-4F64-8689-12DBF601ED72}"
EndProject
Project("{FAE04EC0-301F-11D3-BF4B-00C04F79EFBC}") = "Core", "Core\Core.csproj", "{C778DADE-0128-4FDA-BDE3-577372CEEF52}"
EndProject
Project("{FAE04EC0-301F-11D3-BF4B-00C04F79EFBC}") = "Infrastructure", "Infrastructure\Infrastructure.csproj", "{F23E2A3A-ADA1-493B-BF88-598EDE0752C8}"
EndProject
Global
	GlobalSection(SolutionConfigurationPlatforms) = preSolution
		Debug|Any CPU = Debug|Any CPU
		Release|Any CPU = Release|Any CPU
	EndGlobalSection
	GlobalSection(ProjectConfigurationPlatforms) = postSolution
		{DF52D356-18F3-4F64-8689-12DBF601ED72}.Debug|Any CPU.ActiveCfg = Debug|Any CPU
		{DF52D356-18F3-4F64-8689-12DBF601ED72}.Debug|Any CPU.Build.0 = Debug|Any CPU
		{DF52D356-18F3-4F64-8689-12DBF601ED72}.Release|Any CPU.ActiveCfg = Release|Any CPU
		{DF52D356-18F3-4F64-8689-12DBF601ED72}.Release|Any CPU.Build.0 = Release|Any CPU
		{C778DADE-0128-4FDA-BDE3-577372CEEF52}.Debug|Any CPU.ActiveCfg = Debug|Any CPU
		{C778DADE-0128-4FDA-BDE3-577372CEEF52}.Debug|Any CPU.Build.0 = Debug|Any CPU
		{C778DADE-0128-4FDA-BDE3-577372CEEF52}.Release|Any CPU.ActiveCfg = Release|Any CPU
		{C778DADE-0128-4FDA-BDE3-577372CEEF52}.Release|Any CPU.Build.0 = Release|Any CPU
		{F23E2A3A-ADA1-493B-BF88-598EDE0752C8}.Debug|Any CPU.ActiveCfg = Debug|Any CPU
		{F23E2A3A-ADA1-493B-BF88-598EDE0752C8}.Debug|Any CPU.Build.0 = Debug|Any CPU
		{F23E2A3A-ADA1-493B-BF88-598EDE0752C8}.Release|Any CPU.ActiveCfg = Release|Any CPU
		{F23E2A3A-ADA1-493B-BF88-598EDE0752C8}.Release|Any CPU.Build.0 = Release|Any CPU
	EndGlobalSection
	GlobalSection(SolutionProperties) = preSolution
		HideSolutionNode = FALSE
	EndGlobalSection
	GlobalSection(ExtensibilityGlobals) = postSolution
		SolutionGuid = {C879626C-32A7-486F-B4BE-E6BD1814D20C}
	EndGlobalSection
EndGlobal
